
Microsoft Visual Studio Solution File, Format Version 12.00
# Visual Studio 15
VisualStudioVersion = 15.0.27703.2042
MinimumVisualStudioVersion = 10.0.40219.1
Project("{FAE04EC0-301F-11D3-BF4B-00C04F79EFBC}") = "1.Web", "Web\1.Web.csproj", "{0DC9A8C0-EF4E-4B98-8F66-2FA0A38E0697}"
EndProject
Project("{FAE04EC0-301F-11D3-BF4B-00C04F79EFBC}") = "3.DataAccess", "DataAccess\3.DataAccess.csproj", "{82848310-3374-4B6E-B9E3-8EAA47F808F3}"
EndProject
Project("{FAE04EC0-301F-11D3-BF4B-00C04F79EFBC}") = "4.Models", "Models\4.Models.csproj", "{72ED0261-F92F-40F7-8D57-47AD8EFA1C05}"
EndProject
Project("{FAE04EC0-301F-11D3-BF4B-00C04F79EFBC}") = "2.Services", "Services\2.Services.csproj", "{E06E8FC6-A0A2-45B6-98B7-7E60C624F11C}"
EndProject
Global
	GlobalSection(SolutionConfigurationPlatforms) = preSolution
		Debug|Any CPU = Debug|Any CPU
		Release|Any CPU = Release|Any CPU
	EndGlobalSection
	GlobalSection(ProjectConfigurationPlatforms) = postSolution
		{0DC9A8C0-EF4E-4B98-8F66-2FA0A38E0697}.Debug|Any CPU.ActiveCfg = Debug|Any CPU
		{0DC9A8C0-EF4E-4B98-8F66-2FA0A38E0697}.Debug|Any CPU.Build.0 = Debug|Any CPU
		{0DC9A8C0-EF4E-4B98-8F66-2FA0A38E0697}.Release|Any CPU.ActiveCfg = Release|Any CPU
		{0DC9A8C0-EF4E-4B98-8F66-2FA0A38E0697}.Release|Any CPU.Build.0 = Release|Any CPU
		{82848310-3374-4B6E-B9E3-8EAA47F808F3}.Debug|Any CPU.ActiveCfg = Debug|Any CPU
		{82848310-3374-4B6E-B9E3-8EAA47F808F3}.Debug|Any CPU.Build.0 = Debug|Any CPU
		{82848310-3374-4B6E-B9E3-8EAA47F808F3}.Release|Any CPU.ActiveCfg = Release|Any CPU
		{82848310-3374-4B6E-B9E3-8EAA47F808F3}.Release|Any CPU.Build.0 = Release|Any CPU
		{72ED0261-F92F-40F7-8D57-47AD8EFA1C05}.Debug|Any CPU.ActiveCfg = Debug|Any CPU
		{72ED0261-F92F-40F7-8D57-47AD8EFA1C05}.Debug|Any CPU.Build.0 = Debug|Any CPU
		{72ED0261-F92F-40F7-8D57-47AD8EFA1C05}.Release|Any CPU.ActiveCfg = Release|Any CPU
		{72ED0261-F92F-40F7-8D57-47AD8EFA1C05}.Release|Any CPU.Build.0 = Release|Any CPU
		{E06E8FC6-A0A2-45B6-98B7-7E60C624F11C}.Debug|Any CPU.ActiveCfg = Debug|Any CPU
		{E06E8FC6-A0A2-45B6-98B7-7E60C624F11C}.Debug|Any CPU.Build.0 = Debug|Any CPU
		{E06E8FC6-A0A2-45B6-98B7-7E60C624F11C}.Release|Any CPU.ActiveCfg = Release|Any CPU
		{E06E8FC6-A0A2-45B6-98B7-7E60C624F11C}.Release|Any CPU.Build.0 = Release|Any CPU
	EndGlobalSection
	GlobalSection(SolutionProperties) = preSolution
		HideSolutionNode = FALSE
	EndGlobalSection
	GlobalSection(ExtensibilityGlobals) = postSolution
		SolutionGuid = {CD448085-302B-456B-8146-F02C02F152EB}
	EndGlobalSection
EndGlobal
